
Microsoft Visual Studio Solution File, Format Version 12.00
# Visual Studio 15
VisualStudioVersion = 15.0.28307.329
MinimumVisualStudioVersion = 10.0.40219.1
Project("{FAE04EC0-301F-11D3-BF4B-00C04F79EFBC}") = "jobs_Dependencies", "jobs_Dependencies\jobs_Dependencies.csproj", "{BEAC19FA-3672-447C-813C-7C486FB9100D}"
EndProject
Global
	GlobalSection(SolutionConfigurationPlatforms) = preSolution
		Debug|Any CPU = Debug|Any CPU
		Release|Any CPU = Release|Any CPU
	EndGlobalSection
	GlobalSection(ProjectConfigurationPlatforms) = postSolution
		{BEAC19FA-3672-447C-813C-7C486FB9100D}.Debug|Any CPU.ActiveCfg = Debug|Any CPU
		{BEAC19FA-3672-447C-813C-7C486FB9100D}.Debug|Any CPU.Build.0 = Debug|Any CPU
		{BEAC19FA-3672-447C-813C-7C486FB9100D}.Release|Any CPU.ActiveCfg = Release|Any CPU
		{BEAC19FA-3672-447C-813C-7C486FB9100D}.Release|Any CPU.Build.0 = Release|Any CPU
	EndGlobalSection
	GlobalSection(SolutionProperties) = preSolution
		HideSolutionNode = FALSE
	EndGlobalSection
	GlobalSection(ExtensibilityGlobals) = postSolution
		SolutionGuid = {35EA79FC-C3FC-4CD3-8E67-1C697350F081}
	EndGlobalSection
EndGlobal
